
Microsoft Visual Studio Solution File, Format Version 12.00
# Visual Studio Version 17
VisualStudioVersion = 17.7.34031.279
MinimumVisualStudioVersion = 10.0.40219.1
Project("{FAE04EC0-301F-11D3-BF4B-00C04F79EFBC}") = "LinearSearch", "LinearSearch\LinearSearch.csproj", "{7343A6B2-ED78-4007-952B-D094338434FE}"
EndProject
Global
	GlobalSection(SolutionConfigurationPlatforms) = preSolution
		Debug|Any CPU = Debug|Any CPU
		Release|Any CPU = Release|Any CPU
	EndGlobalSection
	GlobalSection(ProjectConfigurationPlatforms) = postSolution
		{7343A6B2-ED78-4007-952B-D094338434FE}.Debug|Any CPU.ActiveCfg = Debug|Any CPU
		{7343A6B2-ED78-4007-952B-D094338434FE}.Debug|Any CPU.Build.0 = Debug|Any CPU
		{7343A6B2-ED78-4007-952B-D094338434FE}.Release|Any CPU.ActiveCfg = Release|Any CPU
		{7343A6B2-ED78-4007-952B-D094338434FE}.Release|Any CPU.Build.0 = Release|Any CPU
	EndGlobalSection
	GlobalSection(SolutionProperties) = preSolution
		HideSolutionNode = FALSE
	EndGlobalSection
	GlobalSection(ExtensibilityGlobals) = postSolution
		SolutionGuid = {6B71414D-D2D3-4BE8-944A-6657A6991707}
	EndGlobalSection
EndGlobal
