
Microsoft Visual Studio Solution File, Format Version 12.00
# Visual Studio Version 17
VisualStudioVersion = 17.7.34031.279
MinimumVisualStudioVersion = 10.0.40219.1
Project("{FAE04EC0-301F-11D3-BF4B-00C04F79EFBC}") = "BinarySearch", "BinarySearch\BinarySearch.csproj", "{EF4855A8-32F6-4C2C-90C9-06887AA67830}"
EndProject
Global
	GlobalSection(SolutionConfigurationPlatforms) = preSolution
		Debug|Any CPU = Debug|Any CPU
		Release|Any CPU = Release|Any CPU
	EndGlobalSection
	GlobalSection(ProjectConfigurationPlatforms) = postSolution
		{EF4855A8-32F6-4C2C-90C9-06887AA67830}.Debug|Any CPU.ActiveCfg = Debug|Any CPU
		{EF4855A8-32F6-4C2C-90C9-06887AA67830}.Debug|Any CPU.Build.0 = Debug|Any CPU
		{EF4855A8-32F6-4C2C-90C9-06887AA67830}.Release|Any CPU.ActiveCfg = Release|Any CPU
		{EF4855A8-32F6-4C2C-90C9-06887AA67830}.Release|Any CPU.Build.0 = Release|Any CPU
	EndGlobalSection
	GlobalSection(SolutionProperties) = preSolution
		HideSolutionNode = FALSE
	EndGlobalSection
	GlobalSection(ExtensibilityGlobals) = postSolution
		SolutionGuid = {D865B7F0-52FA-4412-B6B9-12A38C83EE3C}
	EndGlobalSection
EndGlobal
